# This file is automatically @generated by Cargo.
# It is not intended for manual editing.
version = 3

[[package]]
name = "Bincode"
version = "0.1.0"
dependencies = [
 "bincode",
]

[[package]]
name = "bincode"
version = "2.0.0-alpha.2"
source = "registry+https://github.com/rust-lang/crates.io-index"
checksum = "36d1c3abc6974e716eb17169ba868ebb206f17eebac8f73fc93c5bc6369d6387"
dependencies = [
 "bincode_derive",
]

[[package]]
name = "bincode_derive"
version = "2.0.0-alpha.2"
source = "registry+https://github.com/rust-lang/crates.io-index"
checksum = "dd04dcdd8fbae0cd3b6912637fbe7163e13d009c5b1c3c553d1fe3385f5f5025"
dependencies = [
 "virtue",
]

[[package]]
name = "virtue"
version = "0.0.3"
source = "registry+https://github.com/rust-lang/crates.io-index"
checksum = "fa5fb1e589cca7a10d503c459ae06040afafde66a50dea2e86dfbbcaf170eac1"
